
Microsoft Visual Studio Solution File, Format Version 12.00
# Visual Studio 15
Project("{FAE04EC0-301F-11D3-BF4B-00C04F79EFBC}") = "UnityEngine.TestRunner", "UnityEngine.TestRunner.csproj", "{FAFA591A-2D3D-2F65-1931-9A76D2C34B7E}"
EndProject
Project("{FAE04EC0-301F-11D3-BF4B-00C04F79EFBC}") = "UnityEngine.UI", "UnityEngine.UI.csproj", "{9E6DD6CD-4635-B7BB-7C92-1AFFD223A666}"
EndProject
Project("{FAE04EC0-301F-11D3-BF4B-00C04F79EFBC}") = "Unity.VisualScripting.Flow", "Unity.VisualScripting.Flow.csproj", "{2CBB059E-461D-E810-7CB5-94A05B18EEE6}"
EndProject
Project("{FAE04EC0-301F-11D3-BF4B-00C04F79EFBC}") = "Unity.Services.Core.Telemetry", "Unity.Services.Core.Telemetry.csproj", "{4CB7AAFF-5AC0-2DC5-CF38-5390F66A8CC8}"
EndProject
Project("{FAE04EC0-301F-11D3-BF4B-00C04F79EFBC}") = "Unity.VisualScripting.State", "Unity.VisualScripting.State.csproj", "{E2D331AA-E7B8-190D-2C39-A75630E20234}"
EndProject
Project("{FAE04EC0-301F-11D3-BF4B-00C04F79EFBC}") = "Unity.VisualScripting.Core", "Unity.VisualScripting.Core.csproj", "{1ED45D7F-B176-21E0-104B-0E1D05E68624}"
EndProject
Project("{FAE04EC0-301F-11D3-BF4B-00C04F79EFBC}") = "Unity.Services.Core.Environments.Internal", "Unity.Services.Core.Environments.Internal.csproj", "{6A2A39AC-C6BA-8E0B-E12D-7FD544630231}"
EndProject
Project("{FAE04EC0-301F-11D3-BF4B-00C04F79EFBC}") = "Unity.TextMeshPro", "Unity.TextMeshPro.csproj", "{645C0054-CA9C-4542-C9B7-40DF1FF9459C}"
EndProject
Project("{FAE04EC0-301F-11D3-BF4B-00C04F79EFBC}") = "Unity.Timeline", "Unity.Timeline.csproj", "{973A89EA-69D3-BD16-D9DA-346CC3C1D64E}"
EndProject
Project("{FAE04EC0-301F-11D3-BF4B-00C04F79EFBC}") = "Assembly-CSharp", "Assembly-CSharp.csproj", "{63D32890-A640-21BA-8A2F-DDECB5868389}"
EndProject
Project("{FAE04EC0-301F-11D3-BF4B-00C04F79EFBC}") = "Unity.Services.Core", "Unity.Services.Core.csproj", "{C2390793-D7CA-691D-F14E-F3B3A62EC503}"
EndProject
Project("{FAE04EC0-301F-11D3-BF4B-00C04F79EFBC}") = "Unity.Services.Core.Environments", "Unity.Services.Core.Environments.csproj", "{0355BDFC-0B47-39F2-88B6-C2F15420DC05}"
EndProject
Project("{FAE04EC0-301F-11D3-BF4B-00C04F79EFBC}") = "Unity.Services.Core.Internal", "Unity.Services.Core.Internal.csproj", "{B69A8741-730F-87DD-9B61-35DDD253EA9C}"
EndProject
Project("{FAE04EC0-301F-11D3-BF4B-00C04F79EFBC}") = "Unity.Services.Core.Analytics", "Unity.Services.Core.Analytics.csproj", "{1764E6EC-E507-3A77-2306-7D4C7865DB8F}"
EndProject
Project("{FAE04EC0-301F-11D3-BF4B-00C04F79EFBC}") = "Unity.Services.Core.Scheduler", "Unity.Services.Core.Scheduler.csproj", "{288AC56A-97B1-15E9-711A-B245C0377474}"
EndProject
Project("{FAE04EC0-301F-11D3-BF4B-00C04F79EFBC}") = "Unity.Services.Core.Registration", "Unity.Services.Core.Registration.csproj", "{A81388B2-04B1-3568-4112-8887F2CC192A}"
EndProject
Project("{FAE04EC0-301F-11D3-BF4B-00C04F79EFBC}") = "Unity.Services.Core.Device", "Unity.Services.Core.Device.csproj", "{6F9CD34E-F2EC-6230-5D6E-DFD545F58FD5}"
EndProject
Project("{FAE04EC0-301F-11D3-BF4B-00C04F79EFBC}") = "Unity.Services.Core.Threading", "Unity.Services.Core.Threading.csproj", "{153AF143-064C-C2F3-1382-899206ADC93E}"
EndProject
Project("{FAE04EC0-301F-11D3-BF4B-00C04F79EFBC}") = "Unity.Services.Core.Networking", "Unity.Services.Core.Networking.csproj", "{A0346A02-827C-FD3F-2CF4-56CFCD8C0AC7}"
EndProject
Project("{FAE04EC0-301F-11D3-BF4B-00C04F79EFBC}") = "Unity.Services.Core.Configuration", "Unity.Services.Core.Configuration.csproj", "{6C703747-67A6-2A94-9FCE-7E5A5810F49E}"
EndProject
Project("{FAE04EC0-301F-11D3-BF4B-00C04F79EFBC}") = "Unity.PlasticSCM.Editor", "Unity.PlasticSCM.Editor.csproj", "{9B60BE2F-B2F6-473D-3051-5FCF57E4459F}"
EndProject
Project("{FAE04EC0-301F-11D3-BF4B-00C04F79EFBC}") = "Unity.VisualScripting.Core.Editor", "Unity.VisualScripting.Core.Editor.csproj", "{A554E305-9B19-FC33-37C3-3DBE7ABB1CF3}"
EndProject
Project("{FAE04EC0-301F-11D3-BF4B-00C04F79EFBC}") = "Unity.VisualScripting.Flow.Editor", "Unity.VisualScripting.Flow.Editor.csproj", "{1EC3047B-1C58-AA0F-A996-F0362CD22D13}"
EndProject
Project("{FAE04EC0-301F-11D3-BF4B-00C04F79EFBC}") = "Unity.VisualStudio.Editor", "Unity.VisualStudio.Editor.csproj", "{2B274EFA-FDCC-8019-56B9-71F23917E953}"
EndProject
Project("{FAE04EC0-301F-11D3-BF4B-00C04F79EFBC}") = "Unity.Timeline.Editor", "Unity.Timeline.Editor.csproj", "{F393C31A-5300-7EE9-BAD7-F731536544FF}"
EndProject
Project("{FAE04EC0-301F-11D3-BF4B-00C04F79EFBC}") = "Unity.VisualScripting.State.Editor", "Unity.VisualScripting.State.Editor.csproj", "{5D9C198F-94A2-FF27-7963-5ECBD731402A}"
EndProject
Project("{FAE04EC0-301F-11D3-BF4B-00C04F79EFBC}") = "Unity.TextMeshPro.Editor", "Unity.TextMeshPro.Editor.csproj", "{FA9BB8C7-6586-2AB0-7486-085581B3D653}"
EndProject
Project("{FAE04EC0-301F-11D3-BF4B-00C04F79EFBC}") = "Unity.VisualScripting.SettingsProvider.Editor", "Unity.VisualScripting.SettingsProvider.Editor.csproj", "{B5128E3F-9C24-6F0B-D36D-E8CD9311C9E8}"
EndProject
Project("{FAE04EC0-301F-11D3-BF4B-00C04F79EFBC}") = "Unity.CollabProxy.Editor", "Unity.CollabProxy.Editor.csproj", "{175EB440-1E65-0FA7-1E46-B107E7354265}"
EndProject
Project("{FAE04EC0-301F-11D3-BF4B-00C04F79EFBC}") = "UnityEditor.TestRunner", "UnityEditor.TestRunner.csproj", "{B612F0BD-B03B-F815-B636-986C44E0BF8A}"
EndProject
Project("{FAE04EC0-301F-11D3-BF4B-00C04F79EFBC}") = "Unity.Services.Core.Editor", "Unity.Services.Core.Editor.csproj", "{E72B21F1-BC59-6FD5-4EDB-85FDEED1F56D}"
EndProject
Project("{FAE04EC0-301F-11D3-BF4B-00C04F79EFBC}") = "Unity.TestTools.CodeCoverage.Editor", "Unity.TestTools.CodeCoverage.Editor.csproj", "{E9FF43A6-98A6-F8ED-DE9F-9F7D7317F833}"
EndProject
Project("{FAE04EC0-301F-11D3-BF4B-00C04F79EFBC}") = "Unity.Rider.Editor", "Unity.Rider.Editor.csproj", "{4A3492CB-B855-7BBF-D7D6-AC055F32489E}"
EndProject
Project("{FAE04EC0-301F-11D3-BF4B-00C04F79EFBC}") = "Unity.Performance.Profile-Analyzer.Editor", "Unity.Performance.Profile-Analyzer.Editor.csproj", "{1DDAC089-9E7D-B5F9-4CF5-9E6D19C5E2B0}"
EndProject
Project("{FAE04EC0-301F-11D3-BF4B-00C04F79EFBC}") = "Unity.VSCode.Editor", "Unity.VSCode.Editor.csproj", "{398C1C71-E4C0-EDDC-08EE-FCA855CA5A62}"
EndProject
Project("{FAE04EC0-301F-11D3-BF4B-00C04F79EFBC}") = "UnityEditor.UI", "UnityEditor.UI.csproj", "{8FC64C71-A92B-A5F3-C821-57F716171067}"
EndProject
Project("{FAE04EC0-301F-11D3-BF4B-00C04F79EFBC}") = "Unity.TestTools.CodeCoverage.Editor.OpenCover.Model", "Unity.TestTools.CodeCoverage.Editor.OpenCover.Model.csproj", "{D61F262B-D16A-6358-8B60-E515401C3B6A}"
EndProject
Project("{FAE04EC0-301F-11D3-BF4B-00C04F79EFBC}") = "Unity.EditorCoroutines.Editor", "Unity.EditorCoroutines.Editor.csproj", "{A5FC747C-47A9-8AF5-AFF2-3A3A54B62DA7}"
EndProject
Project("{FAE04EC0-301F-11D3-BF4B-00C04F79EFBC}") = "Unity.Settings.Editor", "Unity.Settings.Editor.csproj", "{D718A467-B13C-6DCD-33AD-9E9262FE53E3}"
EndProject
Project("{FAE04EC0-301F-11D3-BF4B-00C04F79EFBC}") = "Unity.Services.Core.Configuration.Editor", "Unity.Services.Core.Configuration.Editor.csproj", "{37259F4B-B69B-9552-82A9-E27F5BB9A9C1}"
EndProject
Project("{FAE04EC0-301F-11D3-BF4B-00C04F79EFBC}") = "Unity.TestTools.CodeCoverage.Editor.OpenCover.Mono.Reflection", "Unity.TestTools.CodeCoverage.Editor.OpenCover.Mono.Reflection.csproj", "{66A1BA59-C3C0-F941-DBEF-3C1126545CCE}"
EndProject
Project("{FAE04EC0-301F-11D3-BF4B-00C04F79EFBC}") = "Unity.VisualScripting.Shared.Editor", "Unity.VisualScripting.Shared.Editor.csproj", "{40C55053-41FD-1745-0DA9-63FCFA0F4120}"
EndProject
Project("{FAE04EC0-301F-11D3-BF4B-00C04F79EFBC}") = "UnityEngine.TestRunner", "UnityEngine.TestRunner.Player.csproj", "{1255F2B2-F8EA-401C-5065-132D822CFF4F}"
EndProject
Project("{FAE04EC0-301F-11D3-BF4B-00C04F79EFBC}") = "UnityEngine.UI", "UnityEngine.UI.Player.csproj", "{AE3D2C7A-844B-8438-B7C0-C31680C2F424}"
EndProject
Project("{FAE04EC0-301F-11D3-BF4B-00C04F79EFBC}") = "Unity.VisualScripting.Flow", "Unity.VisualScripting.Flow.Player.csproj", "{9D80335E-06BD-31CB-82CF-D1849A106C46}"
EndProject
Project("{FAE04EC0-301F-11D3-BF4B-00C04F79EFBC}") = "Unity.Services.Core.Telemetry", "Unity.Services.Core.Telemetry.Player.csproj", "{57DEFD4F-E820-7EA7-E5D0-6C4CCB7E4B31}"
EndProject
Project("{FAE04EC0-301F-11D3-BF4B-00C04F79EFBC}") = "Unity.VisualScripting.State", "Unity.VisualScripting.State.Player.csproj", "{5A21BC32-A627-82DB-50C6-CE57574DDF26}"
EndProject
Project("{FAE04EC0-301F-11D3-BF4B-00C04F79EFBC}") = "Unity.VisualScripting.Core", "Unity.VisualScripting.Core.Player.csproj", "{AC5A5CF1-A415-0E74-E6A0-B702D27EA2DF}"
EndProject
Project("{FAE04EC0-301F-11D3-BF4B-00C04F79EFBC}") = "Unity.Services.Core.Environments.Internal", "Unity.Services.Core.Environments.Internal.Player.csproj", "{DAA89F91-F35A-9D87-A21F-E50561DFC1CE}"
EndProject
Project("{FAE04EC0-301F-11D3-BF4B-00C04F79EFBC}") = "Unity.TextMeshPro", "Unity.TextMeshPro.Player.csproj", "{9EDE0184-14F1-FA05-E6E4-48DAE2587F32}"
EndProject
Project("{FAE04EC0-301F-11D3-BF4B-00C04F79EFBC}") = "Unity.Timeline", "Unity.Timeline.Player.csproj", "{187BE0E9-D6EE-66C4-70B5-F8E75898A553}"
EndProject
Project("{FAE04EC0-301F-11D3-BF4B-00C04F79EFBC}") = "Assembly-CSharp", "Assembly-CSharp.Player.csproj", "{C0EEE130-41F6-55EA-EB49-ADE85963B04C}"
EndProject
Project("{FAE04EC0-301F-11D3-BF4B-00C04F79EFBC}") = "Unity.Services.Core", "Unity.Services.Core.Player.csproj", "{C78A9A64-7D43-4F45-5B43-4349696A5684}"
EndProject
Project("{FAE04EC0-301F-11D3-BF4B-00C04F79EFBC}") = "Unity.Services.Core.Environments", "Unity.Services.Core.Environments.Player.csproj", "{E1AF2488-1C16-EFA8-FC25-6C174FD3D234}"
EndProject
Project("{FAE04EC0-301F-11D3-BF4B-00C04F79EFBC}") = "Unity.Services.Core.Internal", "Unity.Services.Core.Internal.Player.csproj", "{322F7B97-38A0-3D2B-5650-72BBE50E5DFB}"
EndProject
Project("{FAE04EC0-301F-11D3-BF4B-00C04F79EFBC}") = "Unity.Services.Core.Analytics", "Unity.Services.Core.Analytics.Player.csproj", "{6D77BDDF-4E72-FE50-BEB0-D4B231B5269C}"
EndProject
Project("{FAE04EC0-301F-11D3-BF4B-00C04F79EFBC}") = "Unity.Services.Core.Scheduler", "Unity.Services.Core.Scheduler.Player.csproj", "{7090B46D-A237-F689-4233-8674708CD7CB}"
EndProject
Project("{FAE04EC0-301F-11D3-BF4B-00C04F79EFBC}") = "Unity.Services.Core.Registration", "Unity.Services.Core.Registration.Player.csproj", "{3782CAF6-E360-50A6-D3B9-4D50D953C9F5}"
EndProject
Project("{FAE04EC0-301F-11D3-BF4B-00C04F79EFBC}") = "Unity.Services.Core.Device", "Unity.Services.Core.Device.Player.csproj", "{6BCEDEF0-5816-68D2-8BBA-45B38F6E5F33}"
EndProject
Project("{FAE04EC0-301F-11D3-BF4B-00C04F79EFBC}") = "Unity.Services.Core.Threading", "Unity.Services.Core.Threading.Player.csproj", "{9A49FE26-05CF-7EB2-E829-6D5E9B5CC8D5}"
EndProject
Project("{FAE04EC0-301F-11D3-BF4B-00C04F79EFBC}") = "Unity.Services.Core.Networking", "Unity.Services.Core.Networking.Player.csproj", "{75E6B81B-E7D2-1A2C-4981-7D141577D2AE}"
EndProject
Project("{FAE04EC0-301F-11D3-BF4B-00C04F79EFBC}") = "Unity.Services.Core.Configuration", "Unity.Services.Core.Configuration.Player.csproj", "{A4A9A1AD-5829-0440-AB31-93624B5AB971}"
EndProject
Global
	GlobalSection(SolutionConfigurationPlatforms) = preSolution
		Debug|Any CPU = Debug|Any CPU
		Release|Any CPU = Release|Any CPU
	EndGlobalSection
	GlobalSection(ProjectConfigurationPlatforms) = postSolution
		{FAFA591A-2D3D-2F65-1931-9A76D2C34B7E}.Debug|Any CPU.ActiveCfg = Debug|Any CPU
		{FAFA591A-2D3D-2F65-1931-9A76D2C34B7E}.Debug|Any CPU.Build.0 = Debug|Any CPU
		{FAFA591A-2D3D-2F65-1931-9A76D2C34B7E}.Release|Any CPU.ActiveCfg = Release|Any CPU
		{FAFA591A-2D3D-2F65-1931-9A76D2C34B7E}.Release|Any CPU.Build.0 = Release|Any CPU
		{9E6DD6CD-4635-B7BB-7C92-1AFFD223A666}.Debug|Any CPU.ActiveCfg = Debug|Any CPU
		{9E6DD6CD-4635-B7BB-7C92-1AFFD223A666}.Debug|Any CPU.Build.0 = Debug|Any CPU
		{9E6DD6CD-4635-B7BB-7C92-1AFFD223A666}.Release|Any CPU.ActiveCfg = Release|Any CPU
		{9E6DD6CD-4635-B7BB-7C92-1AFFD223A666}.Release|Any CPU.Build.0 = Release|Any CPU
		{2CBB059E-461D-E810-7CB5-94A05B18EEE6}.Debug|Any CPU.ActiveCfg = Debug|Any CPU
		{2CBB059E-461D-E810-7CB5-94A05B18EEE6}.Debug|Any CPU.Build.0 = Debug|Any CPU
		{2CBB059E-461D-E810-7CB5-94A05B18EEE6}.Release|Any CPU.ActiveCfg = Release|Any CPU
		{2CBB059E-461D-E810-7CB5-94A05B18EEE6}.Release|Any CPU.Build.0 = Release|Any CPU
		{4CB7AAFF-5AC0-2DC5-CF38-5390F66A8CC8}.Debug|Any CPU.ActiveCfg = Debug|Any CPU
		{4CB7AAFF-5AC0-2DC5-CF38-5390F66A8CC8}.Debug|Any CPU.Build.0 = Debug|Any CPU
		{4CB7AAFF-5AC0-2DC5-CF38-5390F66A8CC8}.Release|Any CPU.ActiveCfg = Release|Any CPU
		{4CB7AAFF-5AC0-2DC5-CF38-5390F66A8CC8}.Release|Any CPU.Build.0 = Release|Any CPU
		{E2D331AA-E7B8-190D-2C39-A75630E20234}.Debug|Any CPU.ActiveCfg = Debug|Any CPU
		{E2D331AA-E7B8-190D-2C39-A75630E20234}.Debug|Any CPU.Build.0 = Debug|Any CPU
		{E2D331AA-E7B8-190D-2C39-A75630E20234}.Release|Any CPU.ActiveCfg = Release|Any CPU
		{E2D331AA-E7B8-190D-2C39-A75630E20234}.Release|Any CPU.Build.0 = Release|Any CPU
		{1ED45D7F-B176-21E0-104B-0E1D05E68624}.Debug|Any CPU.ActiveCfg = Debug|Any CPU
		{1ED45D7F-B176-21E0-104B-0E1D05E68624}.Debug|Any CPU.Build.0 = Debug|Any CPU
		{1ED45D7F-B176-21E0-104B-0E1D05E68624}.Release|Any CPU.ActiveCfg = Release|Any CPU
		{1ED45D7F-B176-21E0-104B-0E1D05E68624}.Release|Any CPU.Build.0 = Release|Any CPU
		{6A2A39AC-C6BA-8E0B-E12D-7FD544630231}.Debug|Any CPU.ActiveCfg = Debug|Any CPU
		{6A2A39AC-C6BA-8E0B-E12D-7FD544630231}.Debug|Any CPU.Build.0 = Debug|Any CPU
		{6A2A39AC-C6BA-8E0B-E12D-7FD544630231}.Release|Any CPU.ActiveCfg = Release|Any CPU
		{6A2A39AC-C6BA-8E0B-E12D-7FD544630231}.Release|Any CPU.Build.0 = Release|Any CPU
		{645C0054-CA9C-4542-C9B7-40DF1FF9459C}.Debug|Any CPU.ActiveCfg = Debug|Any CPU
		{645C0054-CA9C-4542-C9B7-40DF1FF9459C}.Debug|Any CPU.Build.0 = Debug|Any CPU
		{645C0054-CA9C-4542-C9B7-40DF1FF9459C}.Release|Any CPU.ActiveCfg = Release|Any CPU
		{645C0054-CA9C-4542-C9B7-40DF1FF9459C}.Release|Any CPU.Build.0 = Release|Any CPU
		{973A89EA-69D3-BD16-D9DA-346CC3C1D64E}.Debug|Any CPU.ActiveCfg = Debug|Any CPU
		{973A89EA-69D3-BD16-D9DA-346CC3C1D64E}.Debug|Any CPU.Build.0 = Debug|Any CPU
		{973A89EA-69D3-BD16-D9DA-346CC3C1D64E}.Release|Any CPU.ActiveCfg = Release|Any CPU
		{973A89EA-69D3-BD16-D9DA-346CC3C1D64E}.Release|Any CPU.Build.0 = Release|Any CPU
		{63D32890-A640-21BA-8A2F-DDECB5868389}.Debug|Any CPU.ActiveCfg = Debug|Any CPU
		{63D32890-A640-21BA-8A2F-DDECB5868389}.Debug|Any CPU.Build.0 = Debug|Any CPU
		{63D32890-A640-21BA-8A2F-DDECB5868389}.Release|Any CPU.ActiveCfg = Release|Any CPU
		{63D32890-A640-21BA-8A2F-DDECB5868389}.Release|Any CPU.Build.0 = Release|Any CPU
		{C2390793-D7CA-691D-F14E-F3B3A62EC503}.Debug|Any CPU.ActiveCfg = Debug|Any CPU
		{C2390793-D7CA-691D-F14E-F3B3A62EC503}.Debug|Any CPU.Build.0 = Debug|Any CPU
		{C2390793-D7CA-691D-F14E-F3B3A62EC503}.Release|Any CPU.ActiveCfg = Release|Any CPU
		{C2390793-D7CA-691D-F14E-F3B3A62EC503}.Release|Any CPU.Build.0 = Release|Any CPU
		{0355BDFC-0B47-39F2-88B6-C2F15420DC05}.Debug|Any CPU.ActiveCfg = Debug|Any CPU
		{0355BDFC-0B47-39F2-88B6-C2F15420DC05}.Debug|Any CPU.Build.0 = Debug|Any CPU
		{0355BDFC-0B47-39F2-88B6-C2F15420DC05}.Release|Any CPU.ActiveCfg = Release|Any CPU
		{0355BDFC-0B47-39F2-88B6-C2F15420DC05}.Release|Any CPU.Build.0 = Release|Any CPU
		{B69A8741-730F-87DD-9B61-35DDD253EA9C}.Debug|Any CPU.ActiveCfg = Debug|Any CPU
		{B69A8741-730F-87DD-9B61-35DDD253EA9C}.Debug|Any CPU.Build.0 = Debug|Any CPU
		{B69A8741-730F-87DD-9B61-35DDD253EA9C}.Release|Any CPU.ActiveCfg = Release|Any CPU
		{B69A8741-730F-87DD-9B61-35DDD253EA9C}.Release|Any CPU.Build.0 = Release|Any CPU
		{1764E6EC-E507-3A77-2306-7D4C7865DB8F}.Debug|Any CPU.ActiveCfg = Debug|Any CPU
		{1764E6EC-E507-3A77-2306-7D4C7865DB8F}.Debug|Any CPU.Build.0 = Debug|Any CPU
		{1764E6EC-E507-3A77-2306-7D4C7865DB8F}.Release|Any CPU.ActiveCfg = Release|Any CPU
		{1764E6EC-E507-3A77-2306-7D4C7865DB8F}.Release|Any CPU.Build.0 = Release|Any CPU
		{288AC56A-97B1-15E9-711A-B245C0377474}.Debug|Any CPU.ActiveCfg = Debug|Any CPU
		{288AC56A-97B1-15E9-711A-B245C0377474}.Debug|Any CPU.Build.0 = Debug|Any CPU
		{288AC56A-97B1-15E9-711A-B245C0377474}.Release|Any CPU.ActiveCfg = Release|Any CPU
		{288AC56A-97B1-15E9-711A-B245C0377474}.Release|Any CPU.Build.0 = Release|Any CPU
		{A81388B2-04B1-3568-4112-8887F2CC192A}.Debug|Any CPU.ActiveCfg = Debug|Any CPU
		{A81388B2-04B1-3568-4112-8887F2CC192A}.Debug|Any CPU.Build.0 = Debug|Any CPU
		{A81388B2-04B1-3568-4112-8887F2CC192A}.Release|Any CPU.ActiveCfg = Release|Any CPU
		{A81388B2-04B1-3568-4112-8887F2CC192A}.Release|Any CPU.Build.0 = Release|Any CPU
		{6F9CD34E-F2EC-6230-5D6E-DFD545F58FD5}.Debug|Any CPU.ActiveCfg = Debug|Any CPU
		{6F9CD34E-F2EC-6230-5D6E-DFD545F58FD5}.Debug|Any CPU.Build.0 = Debug|Any CPU
		{6F9CD34E-F2EC-6230-5D6E-DFD545F58FD5}.Release|Any CPU.ActiveCfg = Release|Any CPU
		{6F9CD34E-F2EC-6230-5D6E-DFD545F58FD5}.Release|Any CPU.Build.0 = Release|Any CPU
		{153AF143-064C-C2F3-1382-899206ADC93E}.Debug|Any CPU.ActiveCfg = Debug|Any CPU
		{153AF143-064C-C2F3-1382-899206ADC93E}.Debug|Any CPU.Build.0 = Debug|Any CPU
		{153AF143-064C-C2F3-1382-899206ADC93E}.Release|Any CPU.ActiveCfg = Release|Any CPU
		{153AF143-064C-C2F3-1382-899206ADC93E}.Release|Any CPU.Build.0 = Release|Any CPU
		{A0346A02-827C-FD3F-2CF4-56CFCD8C0AC7}.Debug|Any CPU.ActiveCfg = Debug|Any CPU
		{A0346A02-827C-FD3F-2CF4-56CFCD8C0AC7}.Debug|Any CPU.Build.0 = Debug|Any CPU
		{A0346A02-827C-FD3F-2CF4-56CFCD8C0AC7}.Release|Any CPU.ActiveCfg = Release|Any CPU
		{A0346A02-827C-FD3F-2CF4-56CFCD8C0AC7}.Release|Any CPU.Build.0 = Release|Any CPU
		{6C703747-67A6-2A94-9FCE-7E5A5810F49E}.Debug|Any CPU.ActiveCfg = Debug|Any CPU
		{6C703747-67A6-2A94-9FCE-7E5A5810F49E}.Debug|Any CPU.Build.0 = Debug|Any CPU
		{6C703747-67A6-2A94-9FCE-7E5A5810F49E}.Release|Any CPU.ActiveCfg = Release|Any CPU
		{6C703747-67A6-2A94-9FCE-7E5A5810F49E}.Release|Any CPU.Build.0 = Release|Any CPU
		{9B60BE2F-B2F6-473D-3051-5FCF57E4459F}.Debug|Any CPU.ActiveCfg = Debug|Any CPU
		{9B60BE2F-B2F6-473D-3051-5FCF57E4459F}.Debug|Any CPU.Build.0 = Debug|Any CPU
		{9B60BE2F-B2F6-473D-3051-5FCF57E4459F}.Release|Any CPU.ActiveCfg = Release|Any CPU
		{9B60BE2F-B2F6-473D-3051-5FCF57E4459F}.Release|Any CPU.Build.0 = Release|Any CPU
		{A554E305-9B19-FC33-37C3-3DBE7ABB1CF3}.Debug|Any CPU.ActiveCfg = Debug|Any CPU
		{A554E305-9B19-FC33-37C3-3DBE7ABB1CF3}.Debug|Any CPU.Build.0 = Debug|Any CPU
		{A554E305-9B19-FC33-37C3-3DBE7ABB1CF3}.Release|Any CPU.ActiveCfg = Release|Any CPU
		{A554E305-9B19-FC33-37C3-3DBE7ABB1CF3}.Release|Any CPU.Build.0 = Release|Any CPU
		{1EC3047B-1C58-AA0F-A996-F0362CD22D13}.Debug|Any CPU.ActiveCfg = Debug|Any CPU
		{1EC3047B-1C58-AA0F-A996-F0362CD22D13}.Debug|Any CPU.Build.0 = Debug|Any CPU
		{1EC3047B-1C58-AA0F-A996-F0362CD22D13}.Release|Any CPU.ActiveCfg = Release|Any CPU
		{1EC3047B-1C58-AA0F-A996-F0362CD22D13}.Release|Any CPU.Build.0 = Release|Any CPU
		{2B274EFA-FDCC-8019-56B9-71F23917E953}.Debug|Any CPU.ActiveCfg = Debug|Any CPU
		{2B274EFA-FDCC-8019-56B9-71F23917E953}.Debug|Any CPU.Build.0 = Debug|Any CPU
		{2B274EFA-FDCC-8019-56B9-71F23917E953}.Release|Any CPU.ActiveCfg = Release|Any CPU
		{2B274EFA-FDCC-8019-56B9-71F23917E953}.Release|Any CPU.Build.0 = Release|Any CPU
		{F393C31A-5300-7EE9-BAD7-F731536544FF}.Debug|Any CPU.ActiveCfg = Debug|Any CPU
		{F393C31A-5300-7EE9-BAD7-F731536544FF}.Debug|Any CPU.Build.0 = Debug|Any CPU
		{F393C31A-5300-7EE9-BAD7-F731536544FF}.Release|Any CPU.ActiveCfg = Release|Any CPU
		{F393C31A-5300-7EE9-BAD7-F731536544FF}.Release|Any CPU.Build.0 = Release|Any CPU
		{5D9C198F-94A2-FF27-7963-5ECBD731402A}.Debug|Any CPU.ActiveCfg = Debug|Any CPU
		{5D9C198F-94A2-FF27-7963-5ECBD731402A}.Debug|Any CPU.Build.0 = Debug|Any CPU
		{5D9C198F-94A2-FF27-7963-5ECBD731402A}.Release|Any CPU.ActiveCfg = Release|Any CPU
		{5D9C198F-94A2-FF27-7963-5ECBD731402A}.Release|Any CPU.Build.0 = Release|Any CPU
		{FA9BB8C7-6586-2AB0-7486-085581B3D653}.Debug|Any CPU.ActiveCfg = Debug|Any CPU
		{FA9BB8C7-6586-2AB0-7486-085581B3D653}.Debug|Any CPU.Build.0 = Debug|Any CPU
		{FA9BB8C7-6586-2AB0-7486-085581B3D653}.Release|Any CPU.ActiveCfg = Release|Any CPU
		{FA9BB8C7-6586-2AB0-7486-085581B3D653}.Release|Any CPU.Build.0 = Release|Any CPU
		{B5128E3F-9C24-6F0B-D36D-E8CD9311C9E8}.Debug|Any CPU.ActiveCfg = Debug|Any CPU
		{B5128E3F-9C24-6F0B-D36D-E8CD9311C9E8}.Debug|Any CPU.Build.0 = Debug|Any CPU
		{B5128E3F-9C24-6F0B-D36D-E8CD9311C9E8}.Release|Any CPU.ActiveCfg = Release|Any CPU
		{B5128E3F-9C24-6F0B-D36D-E8CD9311C9E8}.Release|Any CPU.Build.0 = Release|Any CPU
		{175EB440-1E65-0FA7-1E46-B107E7354265}.Debug|Any CPU.ActiveCfg = Debug|Any CPU
		{175EB440-1E65-0FA7-1E46-B107E7354265}.Debug|Any CPU.Build.0 = Debug|Any CPU
		{175EB440-1E65-0FA7-1E46-B107E7354265}.Release|Any CPU.ActiveCfg = Release|Any CPU
		{175EB440-1E65-0FA7-1E46-B107E7354265}.Release|Any CPU.Build.0 = Release|Any CPU
		{B612F0BD-B03B-F815-B636-986C44E0BF8A}.Debug|Any CPU.ActiveCfg = Debug|Any CPU
		{B612F0BD-B03B-F815-B636-986C44E0BF8A}.Debug|Any CPU.Build.0 = Debug|Any CPU
		{B612F0BD-B03B-F815-B636-986C44E0BF8A}.Release|Any CPU.ActiveCfg = Release|Any CPU
		{B612F0BD-B03B-F815-B636-986C44E0BF8A}.Release|Any CPU.Build.0 = Release|Any CPU
		{E72B21F1-BC59-6FD5-4EDB-85FDEED1F56D}.Debug|Any CPU.ActiveCfg = Debug|Any CPU
		{E72B21F1-BC59-6FD5-4EDB-85FDEED1F56D}.Debug|Any CPU.Build.0 = Debug|Any CPU
		{E72B21F1-BC59-6FD5-4EDB-85FDEED1F56D}.Release|Any CPU.ActiveCfg = Release|Any CPU
		{E72B21F1-BC59-6FD5-4EDB-85FDEED1F56D}.Release|Any CPU.Build.0 = Release|Any CPU
		{E9FF43A6-98A6-F8ED-DE9F-9F7D7317F833}.Debug|Any CPU.ActiveCfg = Debug|Any CPU
		{E9FF43A6-98A6-F8ED-DE9F-9F7D7317F833}.Debug|Any CPU.Build.0 = Debug|Any CPU
		{E9FF43A6-98A6-F8ED-DE9F-9F7D7317F833}.Release|Any CPU.ActiveCfg = Release|Any CPU
		{E9FF43A6-98A6-F8ED-DE9F-9F7D7317F833}.Release|Any CPU.Build.0 = Release|Any CPU
		{4A3492CB-B855-7BBF-D7D6-AC055F32489E}.Debug|Any CPU.ActiveCfg = Debug|Any CPU
		{4A3492CB-B855-7BBF-D7D6-AC055F32489E}.Debug|Any CPU.Build.0 = Debug|Any CPU
		{4A3492CB-B855-7BBF-D7D6-AC055F32489E}.Release|Any CPU.ActiveCfg = Release|Any CPU
		{4A3492CB-B855-7BBF-D7D6-AC055F32489E}.Release|Any CPU.Build.0 = Release|Any CPU
		{1DDAC089-9E7D-B5F9-4CF5-9E6D19C5E2B0}.Debug|Any CPU.ActiveCfg = Debug|Any CPU
		{1DDAC089-9E7D-B5F9-4CF5-9E6D19C5E2B0}.Debug|Any CPU.Build.0 = Debug|Any CPU
		{1DDAC089-9E7D-B5F9-4CF5-9E6D19C5E2B0}.Release|Any CPU.ActiveCfg = Release|Any CPU
		{1DDAC089-9E7D-B5F9-4CF5-9E6D19C5E2B0}.Release|Any CPU.Build.0 = Release|Any CPU
		{398C1C71-E4C0-EDDC-08EE-FCA855CA5A62}.Debug|Any CPU.ActiveCfg = Debug|Any CPU
		{398C1C71-E4C0-EDDC-08EE-FCA855CA5A62}.Debug|Any CPU.Build.0 = Debug|Any CPU
		{398C1C71-E4C0-EDDC-08EE-FCA855CA5A62}.Release|Any CPU.ActiveCfg = Release|Any CPU
		{398C1C71-E4C0-EDDC-08EE-FCA855CA5A62}.Release|Any CPU.Build.0 = Release|Any CPU
		{8FC64C71-A92B-A5F3-C821-57F716171067}.Debug|Any CPU.ActiveCfg = Debug|Any CPU
		{8FC64C71-A92B-A5F3-C821-57F716171067}.Debug|Any CPU.Build.0 = Debug|Any CPU
		{8FC64C71-A92B-A5F3-C821-57F716171067}.Release|Any CPU.ActiveCfg = Release|Any CPU
		{8FC64C71-A92B-A5F3-C821-57F716171067}.Release|Any CPU.Build.0 = Release|Any CPU
		{D61F262B-D16A-6358-8B60-E515401C3B6A}.Debug|Any CPU.ActiveCfg = Debug|Any CPU
		{D61F262B-D16A-6358-8B60-E515401C3B6A}.Debug|Any CPU.Build.0 = Debug|Any CPU
		{D61F262B-D16A-6358-8B60-E515401C3B6A}.Release|Any CPU.ActiveCfg = Release|Any CPU
		{D61F262B-D16A-6358-8B60-E515401C3B6A}.Release|Any CPU.Build.0 = Release|Any CPU
		{A5FC747C-47A9-8AF5-AFF2-3A3A54B62DA7}.Debug|Any CPU.ActiveCfg = Debug|Any CPU
		{A5FC747C-47A9-8AF5-AFF2-3A3A54B62DA7}.Debug|Any CPU.Build.0 = Debug|Any CPU
		{A5FC747C-47A9-8AF5-AFF2-3A3A54B62DA7}.Release|Any CPU.ActiveCfg = Release|Any CPU
		{A5FC747C-47A9-8AF5-AFF2-3A3A54B62DA7}.Release|Any CPU.Build.0 = Release|Any CPU
		{D718A467-B13C-6DCD-33AD-9E9262FE53E3}.Debug|Any CPU.ActiveCfg = Debug|Any CPU
		{D718A467-B13C-6DCD-33AD-9E9262FE53E3}.Debug|Any CPU.Build.0 = Debug|Any CPU
		{D718A467-B13C-6DCD-33AD-9E9262FE53E3}.Release|Any CPU.ActiveCfg = Release|Any CPU
		{D718A467-B13C-6DCD-33AD-9E9262FE53E3}.Release|Any CPU.Build.0 = Release|Any CPU
		{37259F4B-B69B-9552-82A9-E27F5BB9A9C1}.Debug|Any CPU.ActiveCfg = Debug|Any CPU
		{37259F4B-B69B-9552-82A9-E27F5BB9A9C1}.Debug|Any CPU.Build.0 = Debug|Any CPU
		{37259F4B-B69B-9552-82A9-E27F5BB9A9C1}.Release|Any CPU.ActiveCfg = Release|Any CPU
		{37259F4B-B69B-9552-82A9-E27F5BB9A9C1}.Release|Any CPU.Build.0 = Release|Any CPU
		{66A1BA59-C3C0-F941-DBEF-3C1126545CCE}.Debug|Any CPU.ActiveCfg = Debug|Any CPU
		{66A1BA59-C3C0-F941-DBEF-3C1126545CCE}.Debug|Any CPU.Build.0 = Debug|Any CPU
		{66A1BA59-C3C0-F941-DBEF-3C1126545CCE}.Release|Any CPU.ActiveCfg = Release|Any CPU
		{66A1BA59-C3C0-F941-DBEF-3C1126545CCE}.Release|Any CPU.Build.0 = Release|Any CPU
		{40C55053-41FD-1745-0DA9-63FCFA0F4120}.Debug|Any CPU.ActiveCfg = Debug|Any CPU
		{40C55053-41FD-1745-0DA9-63FCFA0F4120}.Debug|Any CPU.Build.0 = Debug|Any CPU
		{40C55053-41FD-1745-0DA9-63FCFA0F4120}.Release|Any CPU.ActiveCfg = Release|Any CPU
		{40C55053-41FD-1745-0DA9-63FCFA0F4120}.Release|Any CPU.Build.0 = Release|Any CPU
		{1255F2B2-F8EA-401C-5065-132D822CFF4F}.Debug|Any CPU.ActiveCfg = Debug|Any CPU
		{1255F2B2-F8EA-401C-5065-132D822CFF4F}.Debug|Any CPU.Build.0 = Debug|Any CPU
		{1255F2B2-F8EA-401C-5065-132D822CFF4F}.Release|Any CPU.ActiveCfg = Release|Any CPU
		{1255F2B2-F8EA-401C-5065-132D822CFF4F}.Release|Any CPU.Build.0 = Release|Any CPU
		{AE3D2C7A-844B-8438-B7C0-C31680C2F424}.Debug|Any CPU.ActiveCfg = Debug|Any CPU
		{AE3D2C7A-844B-8438-B7C0-C31680C2F424}.Debug|Any CPU.Build.0 = Debug|Any CPU
		{AE3D2C7A-844B-8438-B7C0-C31680C2F424}.Release|Any CPU.ActiveCfg = Release|Any CPU
		{AE3D2C7A-844B-8438-B7C0-C31680C2F424}.Release|Any CPU.Build.0 = Release|Any CPU
		{9D80335E-06BD-31CB-82CF-D1849A106C46}.Debug|Any CPU.ActiveCfg = Debug|Any CPU
		{9D80335E-06BD-31CB-82CF-D1849A106C46}.Debug|Any CPU.Build.0 = Debug|Any CPU
		{9D80335E-06BD-31CB-82CF-D1849A106C46}.Release|Any CPU.ActiveCfg = Release|Any CPU
		{9D80335E-06BD-31CB-82CF-D1849A106C46}.Release|Any CPU.Build.0 = Release|Any CPU
		{57DEFD4F-E820-7EA7-E5D0-6C4CCB7E4B31}.Debug|Any CPU.ActiveCfg = Debug|Any CPU
		{57DEFD4F-E820-7EA7-E5D0-6C4CCB7E4B31}.Debug|Any CPU.Build.0 = Debug|Any CPU
		{57DEFD4F-E820-7EA7-E5D0-6C4CCB7E4B31}.Release|Any CPU.ActiveCfg = Release|Any CPU
		{57DEFD4F-E820-7EA7-E5D0-6C4CCB7E4B31}.Release|Any CPU.Build.0 = Release|Any CPU
		{5A21BC32-A627-82DB-50C6-CE57574DDF26}.Debug|Any CPU.ActiveCfg = Debug|Any CPU
		{5A21BC32-A627-82DB-50C6-CE57574DDF26}.Debug|Any CPU.Build.0 = Debug|Any CPU
		{5A21BC32-A627-82DB-50C6-CE57574DDF26}.Release|Any CPU.ActiveCfg = Release|Any CPU
		{5A21BC32-A627-82DB-50C6-CE57574DDF26}.Release|Any CPU.Build.0 = Release|Any CPU
		{AC5A5CF1-A415-0E74-E6A0-B702D27EA2DF}.Debug|Any CPU.ActiveCfg = Debug|Any CPU
		{AC5A5CF1-A415-0E74-E6A0-B702D27EA2DF}.Debug|Any CPU.Build.0 = Debug|Any CPU
		{AC5A5CF1-A415-0E74-E6A0-B702D27EA2DF}.Release|Any CPU.ActiveCfg = Release|Any CPU
		{AC5A5CF1-A415-0E74-E6A0-B702D27EA2DF}.Release|Any CPU.Build.0 = Release|Any CPU
		{DAA89F91-F35A-9D87-A21F-E50561DFC1CE}.Debug|Any CPU.ActiveCfg = Debug|Any CPU
		{DAA89F91-F35A-9D87-A21F-E50561DFC1CE}.Debug|Any CPU.Build.0 = Debug|Any CPU
		{DAA89F91-F35A-9D87-A21F-E50561DFC1CE}.Release|Any CPU.ActiveCfg = Release|Any CPU
		{DAA89F91-F35A-9D87-A21F-E50561DFC1CE}.Release|Any CPU.Build.0 = Release|Any CPU
		{9EDE0184-14F1-FA05-E6E4-48DAE2587F32}.Debug|Any CPU.ActiveCfg = Debug|Any CPU
		{9EDE0184-14F1-FA05-E6E4-48DAE2587F32}.Debug|Any CPU.Build.0 = Debug|Any CPU
		{9EDE0184-14F1-FA05-E6E4-48DAE2587F32}.Release|Any CPU.ActiveCfg = Release|Any CPU
		{9EDE0184-14F1-FA05-E6E4-48DAE2587F32}.Release|Any CPU.Build.0 = Release|Any CPU
		{187BE0E9-D6EE-66C4-70B5-F8E75898A553}.Debug|Any CPU.ActiveCfg = Debug|Any CPU
		{187BE0E9-D6EE-66C4-70B5-F8E75898A553}.Debug|Any CPU.Build.0 = Debug|Any CPU
		{187BE0E9-D6EE-66C4-70B5-F8E75898A553}.Release|Any CPU.ActiveCfg = Release|Any CPU
		{187BE0E9-D6EE-66C4-70B5-F8E75898A553}.Release|Any CPU.Build.0 = Release|Any CPU
		{C0EEE130-41F6-55EA-EB49-ADE85963B04C}.Debug|Any CPU.ActiveCfg = Debug|Any CPU
		{C0EEE130-41F6-55EA-EB49-ADE85963B04C}.Debug|Any CPU.Build.0 = Debug|Any CPU
		{C0EEE130-41F6-55EA-EB49-ADE85963B04C}.Release|Any CPU.ActiveCfg = Release|Any CPU
		{C0EEE130-41F6-55EA-EB49-ADE85963B04C}.Release|Any CPU.Build.0 = Release|Any CPU
		{C78A9A64-7D43-4F45-5B43-4349696A5684}.Debug|Any CPU.ActiveCfg = Debug|Any CPU
		{C78A9A64-7D43-4F45-5B43-4349696A5684}.Debug|Any CPU.Build.0 = Debug|Any CPU
		{C78A9A64-7D43-4F45-5B43-4349696A5684}.Release|Any CPU.ActiveCfg = Release|Any CPU
		{C78A9A64-7D43-4F45-5B43-4349696A5684}.Release|Any CPU.Build.0 = Release|Any CPU
		{E1AF2488-1C16-EFA8-FC25-6C174FD3D234}.Debug|Any CPU.ActiveCfg = Debug|Any CPU
		{E1AF2488-1C16-EFA8-FC25-6C174FD3D234}.Debug|Any CPU.Build.0 = Debug|Any CPU
		{E1AF2488-1C16-EFA8-FC25-6C174FD3D234}.Release|Any CPU.ActiveCfg = Release|Any CPU
		{E1AF2488-1C16-EFA8-FC25-6C174FD3D234}.Release|Any CPU.Build.0 = Release|Any CPU
		{322F7B97-38A0-3D2B-5650-72BBE50E5DFB}.Debug|Any CPU.ActiveCfg = Debug|Any CPU
		{322F7B97-38A0-3D2B-5650-72BBE50E5DFB}.Debug|Any CPU.Build.0 = Debug|Any CPU
		{322F7B97-38A0-3D2B-5650-72BBE50E5DFB}.Release|Any CPU.ActiveCfg = Release|Any CPU
		{322F7B97-38A0-3D2B-5650-72BBE50E5DFB}.Release|Any CPU.Build.0 = Release|Any CPU
		{6D77BDDF-4E72-FE50-BEB0-D4B231B5269C}.Debug|Any CPU.ActiveCfg = Debug|Any CPU
		{6D77BDDF-4E72-FE50-BEB0-D4B231B5269C}.Debug|Any CPU.Build.0 = Debug|Any CPU
		{6D77BDDF-4E72-FE50-BEB0-D4B231B5269C}.Release|Any CPU.ActiveCfg = Release|Any CPU
		{6D77BDDF-4E72-FE50-BEB0-D4B231B5269C}.Release|Any CPU.Build.0 = Release|Any CPU
		{7090B46D-A237-F689-4233-8674708CD7CB}.Debug|Any CPU.ActiveCfg = Debug|Any CPU
		{7090B46D-A237-F689-4233-8674708CD7CB}.Debug|Any CPU.Build.0 = Debug|Any CPU
		{7090B46D-A237-F689-4233-8674708CD7CB}.Release|Any CPU.ActiveCfg = Release|Any CPU
		{7090B46D-A237-F689-4233-8674708CD7CB}.Release|Any CPU.Build.0 = Release|Any CPU
		{3782CAF6-E360-50A6-D3B9-4D50D953C9F5}.Debug|Any CPU.ActiveCfg = Debug|Any CPU
		{3782CAF6-E360-50A6-D3B9-4D50D953C9F5}.Debug|Any CPU.Build.0 = Debug|Any CPU
		{3782CAF6-E360-50A6-D3B9-4D50D953C9F5}.Release|Any CPU.ActiveCfg = Release|Any CPU
		{3782CAF6-E360-50A6-D3B9-4D50D953C9F5}.Release|Any CPU.Build.0 = Release|Any CPU
		{6BCEDEF0-5816-68D2-8BBA-45B38F6E5F33}.Debug|Any CPU.ActiveCfg = Debug|Any CPU
		{6BCEDEF0-5816-68D2-8BBA-45B38F6E5F33}.Debug|Any CPU.Build.0 = Debug|Any CPU
		{6BCEDEF0-5816-68D2-8BBA-45B38F6E5F33}.Release|Any CPU.ActiveCfg = Release|Any CPU
		{6BCEDEF0-5816-68D2-8BBA-45B38F6E5F33}.Release|Any CPU.Build.0 = Release|Any CPU
		{9A49FE26-05CF-7EB2-E829-6D5E9B5CC8D5}.Debug|Any CPU.ActiveCfg = Debug|Any CPU
		{9A49FE26-05CF-7EB2-E829-6D5E9B5CC8D5}.Debug|Any CPU.Build.0 = Debug|Any CPU
		{9A49FE26-05CF-7EB2-E829-6D5E9B5CC8D5}.Release|Any CPU.ActiveCfg = Release|Any CPU
		{9A49FE26-05CF-7EB2-E829-6D5E9B5CC8D5}.Release|Any CPU.Build.0 = Release|Any CPU
		{75E6B81B-E7D2-1A2C-4981-7D141577D2AE}.Debug|Any CPU.ActiveCfg = Debug|Any CPU
		{75E6B81B-E7D2-1A2C-4981-7D141577D2AE}.Debug|Any CPU.Build.0 = Debug|Any CPU
		{75E6B81B-E7D2-1A2C-4981-7D141577D2AE}.Release|Any CPU.ActiveCfg = Release|Any CPU
		{75E6B81B-E7D2-1A2C-4981-7D141577D2AE}.Release|Any CPU.Build.0 = Release|Any CPU
		{A4A9A1AD-5829-0440-AB31-93624B5AB971}.Debug|Any CPU.ActiveCfg = Debug|Any CPU
		{A4A9A1AD-5829-0440-AB31-93624B5AB971}.Debug|Any CPU.Build.0 = Debug|Any CPU
		{A4A9A1AD-5829-0440-AB31-93624B5AB971}.Release|Any CPU.ActiveCfg = Release|Any CPU
		{A4A9A1AD-5829-0440-AB31-93624B5AB971}.Release|Any CPU.Build.0 = Release|Any CPU
	EndGlobalSection
	GlobalSection(SolutionProperties) = preSolution
		HideSolutionNode = FALSE
	EndGlobalSection
EndGlobal
